{
  "name": "concert-tickets-management",
  "version": "0.0.0",
  "lockfileVersion": 2,
  "requires": true,
  "packages": {
    "": {
      "name": "concert-tickets-management",
      "version": "0.0.0",
      "dependencies": {
        "next": "*",
        "react": "*",
        "react-dom": "*",
        "ethers": "*",
        "wagmi": "*",
        "@tanstack/react-query": "*",
        "viem": "*"
      }
    }
  },
  "dependencies": {
    "next": {
      "version": "*"
    },
    "react": {
      "version": "*"
    },
    "react-dom": {
      "version": "*"
    },
    "ethers": {
      "version": "*"
    },
    "wagmi": {
      "version": "*"
    },
    "@tanstack/react-query": {
      "version": "*"
    },
    "viem": {
      "version": "*"
    }
  }
}
